
Microsoft Visual Studio Solution File, Format Version 12.00
# Visual Studio Version 17
VisualStudioVersion = 17.8.34330.188
MinimumVisualStudioVersion = 10.0.40219.1
Project("{FAE04EC0-301F-11D3-BF4B-00C04F79EFBC}") = "ActionAndFuncTest", "ActionAndFuncTest\ActionAndFuncTest.csproj", "{5088AFCD-5328-4EBB-A199-C89987A1FF46}"
EndProject
Global
	GlobalSection(SolutionConfigurationPlatforms) = preSolution
		Debug|Any CPU = Debug|Any CPU
		Release|Any CPU = Release|Any CPU
	EndGlobalSection
	GlobalSection(ProjectConfigurationPlatforms) = postSolution
		{5088AFCD-5328-4EBB-A199-C89987A1FF46}.Debug|Any CPU.ActiveCfg = Debug|Any CPU
		{5088AFCD-5328-4EBB-A199-C89987A1FF46}.Debug|Any CPU.Build.0 = Debug|Any CPU
		{5088AFCD-5328-4EBB-A199-C89987A1FF46}.Release|Any CPU.ActiveCfg = Release|Any CPU
		{5088AFCD-5328-4EBB-A199-C89987A1FF46}.Release|Any CPU.Build.0 = Release|Any CPU
	EndGlobalSection
	GlobalSection(SolutionProperties) = preSolution
		HideSolutionNode = FALSE
	EndGlobalSection
	GlobalSection(ExtensibilityGlobals) = postSolution
		SolutionGuid = {80A0C9A5-D1EB-4B31-8228-912E5A311CFD}
	EndGlobalSection
EndGlobal
