
Microsoft Visual Studio Solution File, Format Version 12.00
# Visual Studio Version 17
VisualStudioVersion = 17.7.34031.279
MinimumVisualStudioVersion = 10.0.40219.1
Project("{FAE04EC0-301F-11D3-BF4B-00C04F79EFBC}") = "convert meters to kilometers", "convert meters to kilometers\convert meters to kilometers.csproj", "{8BF18C0F-DAA2-4164-BE3C-CCD997C4FFE9}"
EndProject
Global
	GlobalSection(SolutionConfigurationPlatforms) = preSolution
		Debug|Any CPU = Debug|Any CPU
		Release|Any CPU = Release|Any CPU
	EndGlobalSection
	GlobalSection(ProjectConfigurationPlatforms) = postSolution
		{8BF18C0F-DAA2-4164-BE3C-CCD997C4FFE9}.Debug|Any CPU.ActiveCfg = Debug|Any CPU
		{8BF18C0F-DAA2-4164-BE3C-CCD997C4FFE9}.Debug|Any CPU.Build.0 = Debug|Any CPU
		{8BF18C0F-DAA2-4164-BE3C-CCD997C4FFE9}.Release|Any CPU.ActiveCfg = Release|Any CPU
		{8BF18C0F-DAA2-4164-BE3C-CCD997C4FFE9}.Release|Any CPU.Build.0 = Release|Any CPU
	EndGlobalSection
	GlobalSection(SolutionProperties) = preSolution
		HideSolutionNode = FALSE
	EndGlobalSection
	GlobalSection(ExtensibilityGlobals) = postSolution
		SolutionGuid = {BAFF32F0-F9DF-4C55-925C-A2E2F50B973D}
	EndGlobalSection
EndGlobal
